
Microsoft Visual Studio Solution File, Format Version 12.00
# Visual Studio Version 17
VisualStudioVersion = 17.5.33516.290
MinimumVisualStudioVersion = 10.0.40219.1
Project("{FAE04EC0-301F-11D3-BF4B-00C04F79EFBC}") = "Ex05", "Ex05\Ex05.csproj", "{06F9D715-572E-45B0-B1DD-84E507666DAF}"
EndProject
Global
	GlobalSection(SolutionConfigurationPlatforms) = preSolution
		Debug|Any CPU = Debug|Any CPU
		Release|Any CPU = Release|Any CPU
	EndGlobalSection
	GlobalSection(ProjectConfigurationPlatforms) = postSolution
		{06F9D715-572E-45B0-B1DD-84E507666DAF}.Debug|Any CPU.ActiveCfg = Debug|Any CPU
		{06F9D715-572E-45B0-B1DD-84E507666DAF}.Debug|Any CPU.Build.0 = Debug|Any CPU
		{06F9D715-572E-45B0-B1DD-84E507666DAF}.Release|Any CPU.ActiveCfg = Release|Any CPU
		{06F9D715-572E-45B0-B1DD-84E507666DAF}.Release|Any CPU.Build.0 = Release|Any CPU
	EndGlobalSection
	GlobalSection(SolutionProperties) = preSolution
		HideSolutionNode = FALSE
	EndGlobalSection
	GlobalSection(ExtensibilityGlobals) = postSolution
		SolutionGuid = {D36792A5-F1DE-4460-B69F-C5A991F0B0E9}
	EndGlobalSection
EndGlobal
