
Microsoft Visual Studio Solution File, Format Version 12.00
# Visual Studio Version 17
VisualStudioVersion = 17.5.33516.290
MinimumVisualStudioVersion = 10.0.40219.1
Project("{FAE04EC0-301F-11D3-BF4B-00C04F79EFBC}") = "Ex04", "Ex04\Ex04.csproj", "{4DC9D549-1C96-457F-9189-A6786FC17C38}"
EndProject
Global
	GlobalSection(SolutionConfigurationPlatforms) = preSolution
		Debug|Any CPU = Debug|Any CPU
		Release|Any CPU = Release|Any CPU
	EndGlobalSection
	GlobalSection(ProjectConfigurationPlatforms) = postSolution
		{4DC9D549-1C96-457F-9189-A6786FC17C38}.Debug|Any CPU.ActiveCfg = Debug|Any CPU
		{4DC9D549-1C96-457F-9189-A6786FC17C38}.Debug|Any CPU.Build.0 = Debug|Any CPU
		{4DC9D549-1C96-457F-9189-A6786FC17C38}.Release|Any CPU.ActiveCfg = Release|Any CPU
		{4DC9D549-1C96-457F-9189-A6786FC17C38}.Release|Any CPU.Build.0 = Release|Any CPU
	EndGlobalSection
	GlobalSection(SolutionProperties) = preSolution
		HideSolutionNode = FALSE
	EndGlobalSection
	GlobalSection(ExtensibilityGlobals) = postSolution
		SolutionGuid = {D5A9F143-D0A1-444E-9D45-9B70577CC14B}
	EndGlobalSection
EndGlobal
