
Microsoft Visual Studio Solution File, Format Version 12.00
# Visual Studio Version 17
VisualStudioVersion = 17.5.33516.290
MinimumVisualStudioVersion = 10.0.40219.1
Project("{FAE04EC0-301F-11D3-BF4B-00C04F79EFBC}") = "Ex01", "Ex01\Ex01.csproj", "{B7C2D948-2D86-4D37-A738-12BADF4AAA02}"
EndProject
Global
	GlobalSection(SolutionConfigurationPlatforms) = preSolution
		Debug|Any CPU = Debug|Any CPU
		Release|Any CPU = Release|Any CPU
	EndGlobalSection
	GlobalSection(ProjectConfigurationPlatforms) = postSolution
		{B7C2D948-2D86-4D37-A738-12BADF4AAA02}.Debug|Any CPU.ActiveCfg = Debug|Any CPU
		{B7C2D948-2D86-4D37-A738-12BADF4AAA02}.Debug|Any CPU.Build.0 = Debug|Any CPU
		{B7C2D948-2D86-4D37-A738-12BADF4AAA02}.Release|Any CPU.ActiveCfg = Release|Any CPU
		{B7C2D948-2D86-4D37-A738-12BADF4AAA02}.Release|Any CPU.Build.0 = Release|Any CPU
	EndGlobalSection
	GlobalSection(SolutionProperties) = preSolution
		HideSolutionNode = FALSE
	EndGlobalSection
	GlobalSection(ExtensibilityGlobals) = postSolution
		SolutionGuid = {6B5DEA14-A681-4AF8-BBB5-10D53E00281B}
	EndGlobalSection
EndGlobal
