
Microsoft Visual Studio Solution File, Format Version 12.00
# Visual Studio Version 17
VisualStudioVersion = 17.5.33516.290
MinimumVisualStudioVersion = 10.0.40219.1
Project("{FAE04EC0-301F-11D3-BF4B-00C04F79EFBC}") = "Ex02", "Ex02\Ex02.csproj", "{1C19C3E9-2D6F-4C2B-8A67-E91273D94BB1}"
EndProject
Global
	GlobalSection(SolutionConfigurationPlatforms) = preSolution
		Debug|Any CPU = Debug|Any CPU
		Release|Any CPU = Release|Any CPU
	EndGlobalSection
	GlobalSection(ProjectConfigurationPlatforms) = postSolution
		{1C19C3E9-2D6F-4C2B-8A67-E91273D94BB1}.Debug|Any CPU.ActiveCfg = Debug|Any CPU
		{1C19C3E9-2D6F-4C2B-8A67-E91273D94BB1}.Debug|Any CPU.Build.0 = Debug|Any CPU
		{1C19C3E9-2D6F-4C2B-8A67-E91273D94BB1}.Release|Any CPU.ActiveCfg = Release|Any CPU
		{1C19C3E9-2D6F-4C2B-8A67-E91273D94BB1}.Release|Any CPU.Build.0 = Release|Any CPU
	EndGlobalSection
	GlobalSection(SolutionProperties) = preSolution
		HideSolutionNode = FALSE
	EndGlobalSection
	GlobalSection(ExtensibilityGlobals) = postSolution
		SolutionGuid = {BC0F359A-92EC-4B24-BDC6-D043A1FD11F4}
	EndGlobalSection
EndGlobal
