
Microsoft Visual Studio Solution File, Format Version 12.00
# Visual Studio Version 17
VisualStudioVersion = 17.5.33516.290
MinimumVisualStudioVersion = 10.0.40219.1
Project("{FAE04EC0-301F-11D3-BF4B-00C04F79EFBC}") = "Ex19", "Ex19\Ex19.csproj", "{A9943A9F-2E0B-43B3-8821-4F196F8073AD}"
EndProject
Global
	GlobalSection(SolutionConfigurationPlatforms) = preSolution
		Debug|Any CPU = Debug|Any CPU
		Release|Any CPU = Release|Any CPU
	EndGlobalSection
	GlobalSection(ProjectConfigurationPlatforms) = postSolution
		{A9943A9F-2E0B-43B3-8821-4F196F8073AD}.Debug|Any CPU.ActiveCfg = Debug|Any CPU
		{A9943A9F-2E0B-43B3-8821-4F196F8073AD}.Debug|Any CPU.Build.0 = Debug|Any CPU
		{A9943A9F-2E0B-43B3-8821-4F196F8073AD}.Release|Any CPU.ActiveCfg = Release|Any CPU
		{A9943A9F-2E0B-43B3-8821-4F196F8073AD}.Release|Any CPU.Build.0 = Release|Any CPU
	EndGlobalSection
	GlobalSection(SolutionProperties) = preSolution
		HideSolutionNode = FALSE
	EndGlobalSection
	GlobalSection(ExtensibilityGlobals) = postSolution
		SolutionGuid = {0BD43F4B-D477-435D-8D60-21B7B6A355E6}
	EndGlobalSection
EndGlobal
