
Microsoft Visual Studio Solution File, Format Version 12.00
# Visual Studio Version 17
VisualStudioVersion = 17.5.33516.290
MinimumVisualStudioVersion = 10.0.40219.1
Project("{FAE04EC0-301F-11D3-BF4B-00C04F79EFBC}") = "Ex07", "Ex07\Ex07.csproj", "{EFB6629B-30F5-41F2-BC82-65EC553353D3}"
EndProject
Global
	GlobalSection(SolutionConfigurationPlatforms) = preSolution
		Debug|Any CPU = Debug|Any CPU
		Release|Any CPU = Release|Any CPU
	EndGlobalSection
	GlobalSection(ProjectConfigurationPlatforms) = postSolution
		{EFB6629B-30F5-41F2-BC82-65EC553353D3}.Debug|Any CPU.ActiveCfg = Debug|Any CPU
		{EFB6629B-30F5-41F2-BC82-65EC553353D3}.Debug|Any CPU.Build.0 = Debug|Any CPU
		{EFB6629B-30F5-41F2-BC82-65EC553353D3}.Release|Any CPU.ActiveCfg = Release|Any CPU
		{EFB6629B-30F5-41F2-BC82-65EC553353D3}.Release|Any CPU.Build.0 = Release|Any CPU
	EndGlobalSection
	GlobalSection(SolutionProperties) = preSolution
		HideSolutionNode = FALSE
	EndGlobalSection
	GlobalSection(ExtensibilityGlobals) = postSolution
		SolutionGuid = {91B25FFC-119B-43DF-8B1B-FF11407D7ED2}
	EndGlobalSection
EndGlobal
