
Microsoft Visual Studio Solution File, Format Version 12.00
# Visual Studio Version 17
VisualStudioVersion = 17.5.33516.290
MinimumVisualStudioVersion = 10.0.40219.1
Project("{FAE04EC0-301F-11D3-BF4B-00C04F79EFBC}") = "Ex05", "Ex05\Ex05.csproj", "{179DD5E6-AA92-482D-BC4A-510FBEEE8E6A}"
EndProject
Global
	GlobalSection(SolutionConfigurationPlatforms) = preSolution
		Debug|Any CPU = Debug|Any CPU
		Release|Any CPU = Release|Any CPU
	EndGlobalSection
	GlobalSection(ProjectConfigurationPlatforms) = postSolution
		{179DD5E6-AA92-482D-BC4A-510FBEEE8E6A}.Debug|Any CPU.ActiveCfg = Debug|Any CPU
		{179DD5E6-AA92-482D-BC4A-510FBEEE8E6A}.Debug|Any CPU.Build.0 = Debug|Any CPU
		{179DD5E6-AA92-482D-BC4A-510FBEEE8E6A}.Release|Any CPU.ActiveCfg = Release|Any CPU
		{179DD5E6-AA92-482D-BC4A-510FBEEE8E6A}.Release|Any CPU.Build.0 = Release|Any CPU
	EndGlobalSection
	GlobalSection(SolutionProperties) = preSolution
		HideSolutionNode = FALSE
	EndGlobalSection
	GlobalSection(ExtensibilityGlobals) = postSolution
		SolutionGuid = {74AC3942-EF86-40B1-8FC5-C48121A5E849}
	EndGlobalSection
EndGlobal
