
Microsoft Visual Studio Solution File, Format Version 12.00
# Visual Studio Version 17
VisualStudioVersion = 17.5.33516.290
MinimumVisualStudioVersion = 10.0.40219.1
Project("{FAE04EC0-301F-11D3-BF4B-00C04F79EFBC}") = "Ex18", "Ex18\Ex18.csproj", "{EBBC9B44-2C36-4437-AAC6-E5562DFC3C0F}"
EndProject
Global
	GlobalSection(SolutionConfigurationPlatforms) = preSolution
		Debug|Any CPU = Debug|Any CPU
		Release|Any CPU = Release|Any CPU
	EndGlobalSection
	GlobalSection(ProjectConfigurationPlatforms) = postSolution
		{EBBC9B44-2C36-4437-AAC6-E5562DFC3C0F}.Debug|Any CPU.ActiveCfg = Debug|Any CPU
		{EBBC9B44-2C36-4437-AAC6-E5562DFC3C0F}.Debug|Any CPU.Build.0 = Debug|Any CPU
		{EBBC9B44-2C36-4437-AAC6-E5562DFC3C0F}.Release|Any CPU.ActiveCfg = Release|Any CPU
		{EBBC9B44-2C36-4437-AAC6-E5562DFC3C0F}.Release|Any CPU.Build.0 = Release|Any CPU
	EndGlobalSection
	GlobalSection(SolutionProperties) = preSolution
		HideSolutionNode = FALSE
	EndGlobalSection
	GlobalSection(ExtensibilityGlobals) = postSolution
		SolutionGuid = {18F898B1-7326-4C64-8B6E-3BC27F457B35}
	EndGlobalSection
EndGlobal
