
Microsoft Visual Studio Solution File, Format Version 12.00
# Visual Studio Version 17
VisualStudioVersion = 17.5.33516.290
MinimumVisualStudioVersion = 10.0.40219.1
Project("{FAE04EC0-301F-11D3-BF4B-00C04F79EFBC}") = "Ex07", "Ex07\Ex07.csproj", "{A98D24BF-0CB8-42A9-A926-ED1F8579D9C9}"
EndProject
Global
	GlobalSection(SolutionConfigurationPlatforms) = preSolution
		Debug|Any CPU = Debug|Any CPU
		Release|Any CPU = Release|Any CPU
	EndGlobalSection
	GlobalSection(ProjectConfigurationPlatforms) = postSolution
		{A98D24BF-0CB8-42A9-A926-ED1F8579D9C9}.Debug|Any CPU.ActiveCfg = Debug|Any CPU
		{A98D24BF-0CB8-42A9-A926-ED1F8579D9C9}.Debug|Any CPU.Build.0 = Debug|Any CPU
		{A98D24BF-0CB8-42A9-A926-ED1F8579D9C9}.Release|Any CPU.ActiveCfg = Release|Any CPU
		{A98D24BF-0CB8-42A9-A926-ED1F8579D9C9}.Release|Any CPU.Build.0 = Release|Any CPU
	EndGlobalSection
	GlobalSection(SolutionProperties) = preSolution
		HideSolutionNode = FALSE
	EndGlobalSection
	GlobalSection(ExtensibilityGlobals) = postSolution
		SolutionGuid = {7680DA63-7416-416A-922A-F3685E321E9D}
	EndGlobalSection
EndGlobal
