
Microsoft Visual Studio Solution File, Format Version 12.00
# Visual Studio Version 17
VisualStudioVersion = 17.5.33516.290
MinimumVisualStudioVersion = 10.0.40219.1
Project("{FAE04EC0-301F-11D3-BF4B-00C04F79EFBC}") = "Ex07", "Ex07\Ex07.csproj", "{3CEC02E7-0287-488A-9E31-21E9C6805722}"
EndProject
Global
	GlobalSection(SolutionConfigurationPlatforms) = preSolution
		Debug|Any CPU = Debug|Any CPU
		Release|Any CPU = Release|Any CPU
	EndGlobalSection
	GlobalSection(ProjectConfigurationPlatforms) = postSolution
		{3CEC02E7-0287-488A-9E31-21E9C6805722}.Debug|Any CPU.ActiveCfg = Debug|Any CPU
		{3CEC02E7-0287-488A-9E31-21E9C6805722}.Debug|Any CPU.Build.0 = Debug|Any CPU
		{3CEC02E7-0287-488A-9E31-21E9C6805722}.Release|Any CPU.ActiveCfg = Release|Any CPU
		{3CEC02E7-0287-488A-9E31-21E9C6805722}.Release|Any CPU.Build.0 = Release|Any CPU
	EndGlobalSection
	GlobalSection(SolutionProperties) = preSolution
		HideSolutionNode = FALSE
	EndGlobalSection
	GlobalSection(ExtensibilityGlobals) = postSolution
		SolutionGuid = {33FF28A2-8C57-4C20-A93A-A8F00C4F0939}
	EndGlobalSection
EndGlobal
