
Microsoft Visual Studio Solution File, Format Version 12.00
# Visual Studio Version 17
VisualStudioVersion = 17.5.33516.290
MinimumVisualStudioVersion = 10.0.40219.1
Project("{FAE04EC0-301F-11D3-BF4B-00C04F79EFBC}") = "Ex02", "Ex02\Ex02.csproj", "{427424BD-2A1F-4B34-A9E3-62F7504706DD}"
EndProject
Global
	GlobalSection(SolutionConfigurationPlatforms) = preSolution
		Debug|Any CPU = Debug|Any CPU
		Release|Any CPU = Release|Any CPU
	EndGlobalSection
	GlobalSection(ProjectConfigurationPlatforms) = postSolution
		{427424BD-2A1F-4B34-A9E3-62F7504706DD}.Debug|Any CPU.ActiveCfg = Debug|Any CPU
		{427424BD-2A1F-4B34-A9E3-62F7504706DD}.Debug|Any CPU.Build.0 = Debug|Any CPU
		{427424BD-2A1F-4B34-A9E3-62F7504706DD}.Release|Any CPU.ActiveCfg = Release|Any CPU
		{427424BD-2A1F-4B34-A9E3-62F7504706DD}.Release|Any CPU.Build.0 = Release|Any CPU
	EndGlobalSection
	GlobalSection(SolutionProperties) = preSolution
		HideSolutionNode = FALSE
	EndGlobalSection
	GlobalSection(ExtensibilityGlobals) = postSolution
		SolutionGuid = {9C522484-CBCC-4FC9-B0E8-7822C6387C2A}
	EndGlobalSection
EndGlobal
