
Microsoft Visual Studio Solution File, Format Version 12.00
# Visual Studio Version 17
VisualStudioVersion = 17.5.33516.290
MinimumVisualStudioVersion = 10.0.40219.1
Project("{FAE04EC0-301F-11D3-BF4B-00C04F79EFBC}") = "Ex12", "Ex12\Ex12.csproj", "{F9A971EA-D465-4D46-97FC-DC31D08CC71E}"
EndProject
Global
	GlobalSection(SolutionConfigurationPlatforms) = preSolution
		Debug|Any CPU = Debug|Any CPU
		Release|Any CPU = Release|Any CPU
	EndGlobalSection
	GlobalSection(ProjectConfigurationPlatforms) = postSolution
		{F9A971EA-D465-4D46-97FC-DC31D08CC71E}.Debug|Any CPU.ActiveCfg = Debug|Any CPU
		{F9A971EA-D465-4D46-97FC-DC31D08CC71E}.Debug|Any CPU.Build.0 = Debug|Any CPU
		{F9A971EA-D465-4D46-97FC-DC31D08CC71E}.Release|Any CPU.ActiveCfg = Release|Any CPU
		{F9A971EA-D465-4D46-97FC-DC31D08CC71E}.Release|Any CPU.Build.0 = Release|Any CPU
	EndGlobalSection
	GlobalSection(SolutionProperties) = preSolution
		HideSolutionNode = FALSE
	EndGlobalSection
	GlobalSection(ExtensibilityGlobals) = postSolution
		SolutionGuid = {FF70EDE5-3A46-4480-83B2-BCCD325C2533}
	EndGlobalSection
EndGlobal
