
Microsoft Visual Studio Solution File, Format Version 12.00
# Visual Studio Version 17
VisualStudioVersion = 17.5.33516.290
MinimumVisualStudioVersion = 10.0.40219.1
Project("{FAE04EC0-301F-11D3-BF4B-00C04F79EFBC}") = "Ex16", "Ex16\Ex16.csproj", "{9E46EB05-3606-4B63-8AA6-4D21902C8076}"
EndProject
Global
	GlobalSection(SolutionConfigurationPlatforms) = preSolution
		Debug|Any CPU = Debug|Any CPU
		Release|Any CPU = Release|Any CPU
	EndGlobalSection
	GlobalSection(ProjectConfigurationPlatforms) = postSolution
		{9E46EB05-3606-4B63-8AA6-4D21902C8076}.Debug|Any CPU.ActiveCfg = Debug|Any CPU
		{9E46EB05-3606-4B63-8AA6-4D21902C8076}.Debug|Any CPU.Build.0 = Debug|Any CPU
		{9E46EB05-3606-4B63-8AA6-4D21902C8076}.Release|Any CPU.ActiveCfg = Release|Any CPU
		{9E46EB05-3606-4B63-8AA6-4D21902C8076}.Release|Any CPU.Build.0 = Release|Any CPU
	EndGlobalSection
	GlobalSection(SolutionProperties) = preSolution
		HideSolutionNode = FALSE
	EndGlobalSection
	GlobalSection(ExtensibilityGlobals) = postSolution
		SolutionGuid = {D8F7E449-3E83-4E19-8C96-99CF01FDB27B}
	EndGlobalSection
EndGlobal
