
Microsoft Visual Studio Solution File, Format Version 12.00
# Visual Studio Version 17
VisualStudioVersion = 17.5.33516.290
MinimumVisualStudioVersion = 10.0.40219.1
Project("{FAE04EC0-301F-11D3-BF4B-00C04F79EFBC}") = "Ex05", "Ex05\Ex05.csproj", "{78642681-9A47-451C-816D-18C578AC29AA}"
EndProject
Global
	GlobalSection(SolutionConfigurationPlatforms) = preSolution
		Debug|Any CPU = Debug|Any CPU
		Release|Any CPU = Release|Any CPU
	EndGlobalSection
	GlobalSection(ProjectConfigurationPlatforms) = postSolution
		{78642681-9A47-451C-816D-18C578AC29AA}.Debug|Any CPU.ActiveCfg = Debug|Any CPU
		{78642681-9A47-451C-816D-18C578AC29AA}.Debug|Any CPU.Build.0 = Debug|Any CPU
		{78642681-9A47-451C-816D-18C578AC29AA}.Release|Any CPU.ActiveCfg = Release|Any CPU
		{78642681-9A47-451C-816D-18C578AC29AA}.Release|Any CPU.Build.0 = Release|Any CPU
	EndGlobalSection
	GlobalSection(SolutionProperties) = preSolution
		HideSolutionNode = FALSE
	EndGlobalSection
	GlobalSection(ExtensibilityGlobals) = postSolution
		SolutionGuid = {A7494494-32D0-4E0F-A2B8-C47CBEDB5049}
	EndGlobalSection
EndGlobal
