
Microsoft Visual Studio Solution File, Format Version 12.00
# Visual Studio Version 17
VisualStudioVersion = 17.5.33516.290
MinimumVisualStudioVersion = 10.0.40219.1
Project("{FAE04EC0-301F-11D3-BF4B-00C04F79EFBC}") = "Ex20", "Ex20\Ex20.csproj", "{24C77B60-2611-4E9D-9094-6AF2AC7F903A}"
EndProject
Global
	GlobalSection(SolutionConfigurationPlatforms) = preSolution
		Debug|Any CPU = Debug|Any CPU
		Release|Any CPU = Release|Any CPU
	EndGlobalSection
	GlobalSection(ProjectConfigurationPlatforms) = postSolution
		{24C77B60-2611-4E9D-9094-6AF2AC7F903A}.Debug|Any CPU.ActiveCfg = Debug|Any CPU
		{24C77B60-2611-4E9D-9094-6AF2AC7F903A}.Debug|Any CPU.Build.0 = Debug|Any CPU
		{24C77B60-2611-4E9D-9094-6AF2AC7F903A}.Release|Any CPU.ActiveCfg = Release|Any CPU
		{24C77B60-2611-4E9D-9094-6AF2AC7F903A}.Release|Any CPU.Build.0 = Release|Any CPU
	EndGlobalSection
	GlobalSection(SolutionProperties) = preSolution
		HideSolutionNode = FALSE
	EndGlobalSection
	GlobalSection(ExtensibilityGlobals) = postSolution
		SolutionGuid = {3D7EFEF8-781A-4E76-BFCA-69C495D51CF4}
	EndGlobalSection
EndGlobal
