
Microsoft Visual Studio Solution File, Format Version 12.00
# Visual Studio Version 17
VisualStudioVersion = 17.5.33516.290
MinimumVisualStudioVersion = 10.0.40219.1
Project("{FAE04EC0-301F-11D3-BF4B-00C04F79EFBC}") = "Ex09", "Ex09\Ex09.csproj", "{D4C693CA-3E49-438F-8371-A7BA820CCE24}"
EndProject
Global
	GlobalSection(SolutionConfigurationPlatforms) = preSolution
		Debug|Any CPU = Debug|Any CPU
		Release|Any CPU = Release|Any CPU
	EndGlobalSection
	GlobalSection(ProjectConfigurationPlatforms) = postSolution
		{D4C693CA-3E49-438F-8371-A7BA820CCE24}.Debug|Any CPU.ActiveCfg = Debug|Any CPU
		{D4C693CA-3E49-438F-8371-A7BA820CCE24}.Debug|Any CPU.Build.0 = Debug|Any CPU
		{D4C693CA-3E49-438F-8371-A7BA820CCE24}.Release|Any CPU.ActiveCfg = Release|Any CPU
		{D4C693CA-3E49-438F-8371-A7BA820CCE24}.Release|Any CPU.Build.0 = Release|Any CPU
	EndGlobalSection
	GlobalSection(SolutionProperties) = preSolution
		HideSolutionNode = FALSE
	EndGlobalSection
	GlobalSection(ExtensibilityGlobals) = postSolution
		SolutionGuid = {5D1CB93E-D667-4CA3-9FBC-FA0C814883CD}
	EndGlobalSection
EndGlobal
