
Microsoft Visual Studio Solution File, Format Version 12.00
# Visual Studio Version 17
VisualStudioVersion = 17.5.33516.290
MinimumVisualStudioVersion = 10.0.40219.1
Project("{FAE04EC0-301F-11D3-BF4B-00C04F79EFBC}") = "Ex18", "Ex18\Ex18.csproj", "{E9874CD6-B46D-4B17-A060-0E15F47F5FA0}"
EndProject
Global
	GlobalSection(SolutionConfigurationPlatforms) = preSolution
		Debug|Any CPU = Debug|Any CPU
		Release|Any CPU = Release|Any CPU
	EndGlobalSection
	GlobalSection(ProjectConfigurationPlatforms) = postSolution
		{E9874CD6-B46D-4B17-A060-0E15F47F5FA0}.Debug|Any CPU.ActiveCfg = Debug|Any CPU
		{E9874CD6-B46D-4B17-A060-0E15F47F5FA0}.Debug|Any CPU.Build.0 = Debug|Any CPU
		{E9874CD6-B46D-4B17-A060-0E15F47F5FA0}.Release|Any CPU.ActiveCfg = Release|Any CPU
		{E9874CD6-B46D-4B17-A060-0E15F47F5FA0}.Release|Any CPU.Build.0 = Release|Any CPU
	EndGlobalSection
	GlobalSection(SolutionProperties) = preSolution
		HideSolutionNode = FALSE
	EndGlobalSection
	GlobalSection(ExtensibilityGlobals) = postSolution
		SolutionGuid = {DC386D28-4AE2-406D-9189-49D5379B5744}
	EndGlobalSection
EndGlobal
