
Microsoft Visual Studio Solution File, Format Version 12.00
# Visual Studio Version 17
VisualStudioVersion = 17.5.33516.290
MinimumVisualStudioVersion = 10.0.40219.1
Project("{FAE04EC0-301F-11D3-BF4B-00C04F79EFBC}") = "Ex10", "Ex10\Ex10.csproj", "{7C66A5E9-6B55-4BDA-AA32-16B5B5E74817}"
EndProject
Global
	GlobalSection(SolutionConfigurationPlatforms) = preSolution
		Debug|Any CPU = Debug|Any CPU
		Release|Any CPU = Release|Any CPU
	EndGlobalSection
	GlobalSection(ProjectConfigurationPlatforms) = postSolution
		{7C66A5E9-6B55-4BDA-AA32-16B5B5E74817}.Debug|Any CPU.ActiveCfg = Debug|Any CPU
		{7C66A5E9-6B55-4BDA-AA32-16B5B5E74817}.Debug|Any CPU.Build.0 = Debug|Any CPU
		{7C66A5E9-6B55-4BDA-AA32-16B5B5E74817}.Release|Any CPU.ActiveCfg = Release|Any CPU
		{7C66A5E9-6B55-4BDA-AA32-16B5B5E74817}.Release|Any CPU.Build.0 = Release|Any CPU
	EndGlobalSection
	GlobalSection(SolutionProperties) = preSolution
		HideSolutionNode = FALSE
	EndGlobalSection
	GlobalSection(ExtensibilityGlobals) = postSolution
		SolutionGuid = {E8EBD5D0-CF84-4D40-B690-BF1F753FF2C8}
	EndGlobalSection
EndGlobal
