
Microsoft Visual Studio Solution File, Format Version 12.00
# Visual Studio Version 17
VisualStudioVersion = 17.5.33516.290
MinimumVisualStudioVersion = 10.0.40219.1
Project("{FAE04EC0-301F-11D3-BF4B-00C04F79EFBC}") = "Ex08", "Ex08\Ex08.csproj", "{B1B1EB5F-4226-48A0-B8F5-058BB1DADAE9}"
EndProject
Global
	GlobalSection(SolutionConfigurationPlatforms) = preSolution
		Debug|Any CPU = Debug|Any CPU
		Release|Any CPU = Release|Any CPU
	EndGlobalSection
	GlobalSection(ProjectConfigurationPlatforms) = postSolution
		{B1B1EB5F-4226-48A0-B8F5-058BB1DADAE9}.Debug|Any CPU.ActiveCfg = Debug|Any CPU
		{B1B1EB5F-4226-48A0-B8F5-058BB1DADAE9}.Debug|Any CPU.Build.0 = Debug|Any CPU
		{B1B1EB5F-4226-48A0-B8F5-058BB1DADAE9}.Release|Any CPU.ActiveCfg = Release|Any CPU
		{B1B1EB5F-4226-48A0-B8F5-058BB1DADAE9}.Release|Any CPU.Build.0 = Release|Any CPU
	EndGlobalSection
	GlobalSection(SolutionProperties) = preSolution
		HideSolutionNode = FALSE
	EndGlobalSection
	GlobalSection(ExtensibilityGlobals) = postSolution
		SolutionGuid = {A52C25C8-CCE1-4B19-82FB-29E37A43E44B}
	EndGlobalSection
EndGlobal
