
Microsoft Visual Studio Solution File, Format Version 12.00
# Visual Studio Version 17
VisualStudioVersion = 17.5.33516.290
MinimumVisualStudioVersion = 10.0.40219.1
Project("{FAE04EC0-301F-11D3-BF4B-00C04F79EFBC}") = "Ex13", "Ex13\Ex13.csproj", "{BA344FAD-FCC2-4B17-9BFC-D3F4D72FB6E3}"
EndProject
Global
	GlobalSection(SolutionConfigurationPlatforms) = preSolution
		Debug|Any CPU = Debug|Any CPU
		Release|Any CPU = Release|Any CPU
	EndGlobalSection
	GlobalSection(ProjectConfigurationPlatforms) = postSolution
		{BA344FAD-FCC2-4B17-9BFC-D3F4D72FB6E3}.Debug|Any CPU.ActiveCfg = Debug|Any CPU
		{BA344FAD-FCC2-4B17-9BFC-D3F4D72FB6E3}.Debug|Any CPU.Build.0 = Debug|Any CPU
		{BA344FAD-FCC2-4B17-9BFC-D3F4D72FB6E3}.Release|Any CPU.ActiveCfg = Release|Any CPU
		{BA344FAD-FCC2-4B17-9BFC-D3F4D72FB6E3}.Release|Any CPU.Build.0 = Release|Any CPU
	EndGlobalSection
	GlobalSection(SolutionProperties) = preSolution
		HideSolutionNode = FALSE
	EndGlobalSection
	GlobalSection(ExtensibilityGlobals) = postSolution
		SolutionGuid = {C33661C5-7DCF-4CAE-9DE1-E62CC737A2CD}
	EndGlobalSection
EndGlobal
